// !$*UTF8*$!
{
	archiveVersion = 1;
	classes = {
	};
	objectVersion = 50;
	objects = {

/* Begin PBXBuildFile section */
		B0DA37D226315E8B00B8B169 /* Cam 2 #8 Zoom Out Left.mp4 in Resources */ = {isa = PBXBuildFile; fileRef = B0DA37C526315E8B00B8B169 /* Cam 2 #8 Zoom Out Left.mp4 */; };
		B0DA37D326315E8B00B8B169 /* Cam 2 #6 Zoom Out.mp4 in Resources */ = {isa = PBXBuildFile; fileRef = B0DA37C626315E8B00B8B169 /* Cam 2 #6 Zoom Out.mp4 */; };
		B0DA37D426315E8B00B8B169 /* Cam 2 #4 Zoom In Down.mp4 in Resources */ = {isa = PBXBuildFile; fileRef = B0DA37C726315E8B00B8B169 /* Cam 2 #4 Zoom In Down.mp4 */; };
		B0DA37D526315E8B00B8B169 /* Cam 2 #10 Zoom Out Down.mp4 in Resources */ = {isa = PBXBuildFile; fileRef = B0DA37C826315E8B00B8B169 /* Cam 2 #10 Zoom Out Down.mp4 */; };
		B0DA37D626315E8B00B8B169 /* Cam 2 #11 Pan Left to Right.mp4 in Resources */ = {isa = PBXBuildFile; fileRef = B0DA37C926315E8B00B8B169 /* Cam 2 #11 Pan Left to Right.mp4 */; };
		B0DA37D726315E8B00B8B169 /* Cam 2 #12 Pan Right to Left.mp4 in Resources */ = {isa = PBXBuildFile; fileRef = B0DA37CA26315E8B00B8B169 /* Cam 2 #12 Pan Right to Left.mp4 */; };
		B0DA37D826315E8B00B8B169 /* Cam 2 #1 Zoom In.mp4 in Resources */ = {isa = PBXBuildFile; fileRef = B0DA37CB26315E8B00B8B169 /* Cam 2 #1 Zoom In.mp4 */; };
		B0DA37D926315E8B00B8B169 /* Cam 2 #2 Zoom in Left.mp4 in Resources */ = {isa = PBXBuildFile; fileRef = B0DA37CC26315E8B00B8B169 /* Cam 2 #2 Zoom in Left.mp4 */; };
		B0DA37DA26315E8B00B8B169 /* Cam 2 #7 Zoom Out Right.mp4 in Resources */ = {isa = PBXBuildFile; fileRef = B0DA37CD26315E8B00B8B169 /* Cam 2 #7 Zoom Out Right.mp4 */; };
		B0DA37DB26315E8B00B8B169 /* Cam 2 #15 Standard Sermon Shot.mp4 in Resources */ = {isa = PBXBuildFile; fileRef = B0DA37CE26315E8B00B8B169 /* Cam 2 #15 Standard Sermon Shot.mp4 */; };
		B0DA37DC26315E8B00B8B169 /* Cam 2 #13 Wide Tilt Down.mp4 in Resources */ = {isa = PBXBuildFile; fileRef = B0DA37CF26315E8B00B8B169 /* Cam 2 #13 Wide Tilt Down.mp4 */; };
		B0DA37DD26315E8B00B8B169 /* Cam 2 #3 Zoom In Right.mp4 in Resources */ = {isa = PBXBuildFile; fileRef = B0DA37D026315E8B00B8B169 /* Cam 2 #3 Zoom In Right.mp4 */; };
		B0DA37DE26315E8B00B8B169 /* Cam 2 #14 After Video Sermon Push In.mp4 in Resources */ = {isa = PBXBuildFile; fileRef = B0DA37D126315E8B00B8B169 /* Cam 2 #14 After Video Sermon Push In.mp4 */; };
		B0DA37F326315E9E00B8B169 /* Camera 3.3.mp4 in Resources */ = {isa = PBXBuildFile; fileRef = B0DA37E026315E9E00B8B169 /* Camera 3.3.mp4 */; };
		B0DA37F426315E9E00B8B169 /* Camera 3.2.mp4 in Resources */ = {isa = PBXBuildFile; fileRef = B0DA37E126315E9E00B8B169 /* Camera 3.2.mp4 */; };
		B0DA37F526315E9E00B8B169 /* Camera 3.1.mp4 in Resources */ = {isa = PBXBuildFile; fileRef = B0DA37E226315E9E00B8B169 /* Camera 3.1.mp4 */; };
		B0DA37F626315E9E00B8B169 /* Camera 3.19.mp4 in Resources */ = {isa = PBXBuildFile; fileRef = B0DA37E326315E9E00B8B169 /* Camera 3.19.mp4 */; };
		B0DA37F726315E9E00B8B169 /* Camera 3.5.mp4 in Resources */ = {isa = PBXBuildFile; fileRef = B0DA37E426315E9E00B8B169 /* Camera 3.5.mp4 */; };
		B0DA37F826315E9E00B8B169 /* Camera 3.4.mp4 in Resources */ = {isa = PBXBuildFile; fileRef = B0DA37E526315E9E00B8B169 /* Camera 3.4.mp4 */; };
		B0DA37F926315E9E00B8B169 /* Camera 3.18.mp4 in Resources */ = {isa = PBXBuildFile; fileRef = B0DA37E626315E9E00B8B169 /* Camera 3.18.mp4 */; };
		B0DA37FA26315E9E00B8B169 /* Camera 3.6.mp4 in Resources */ = {isa = PBXBuildFile; fileRef = B0DA37E726315E9E00B8B169 /* Camera 3.6.mp4 */; };
		B0DA37FB26315E9E00B8B169 /* Camera 3.7.mp4 in Resources */ = {isa = PBXBuildFile; fileRef = B0DA37E826315E9E00B8B169 /* Camera 3.7.mp4 */; };
		B0DA37FC26315E9E00B8B169 /* Camera 3.16.mp4 in Resources */ = {isa = PBXBuildFile; fileRef = B0DA37E926315E9E00B8B169 /* Camera 3.16.mp4 */; };
		B0DA37FD26315E9E00B8B169 /* Camera 3.17.mp4 in Resources */ = {isa = PBXBuildFile; fileRef = B0DA37EA26315E9E00B8B169 /* Camera 3.17.mp4 */; };
		B0DA37FE26315E9E00B8B169 /* Camera 3.15.mp4 in Resources */ = {isa = PBXBuildFile; fileRef = B0DA37EB26315E9E00B8B169 /* Camera 3.15.mp4 */; };
		B0DA37FF26315E9E00B8B169 /* Camera 3.9.mp4 in Resources */ = {isa = PBXBuildFile; fileRef = B0DA37EC26315E9E00B8B169 /* Camera 3.9.mp4 */; };
		B0DA380026315E9E00B8B169 /* Camera 3.8.mp4 in Resources */ = {isa = PBXBuildFile; fileRef = B0DA37ED26315E9E00B8B169 /* Camera 3.8.mp4 */; };
		B0DA380126315E9E00B8B169 /* Camera 3.14.mp4 in Resources */ = {isa = PBXBuildFile; fileRef = B0DA37EE26315E9E00B8B169 /* Camera 3.14.mp4 */; };
		B0DA380226315E9E00B8B169 /* Camera 3.10.mp4 in Resources */ = {isa = PBXBuildFile; fileRef = B0DA37EF26315E9E00B8B169 /* Camera 3.10.mp4 */; };
		B0DA380326315E9E00B8B169 /* Camera 3.11.mp4 in Resources */ = {isa = PBXBuildFile; fileRef = B0DA37F026315E9E00B8B169 /* Camera 3.11.mp4 */; };
		B0DA380426315E9E00B8B169 /* Camera 3.13.mp4 in Resources */ = {isa = PBXBuildFile; fileRef = B0DA37F126315E9E00B8B169 /* Camera 3.13.mp4 */; };
		B0DA380526315E9E00B8B169 /* Camera 3.12.mp4 in Resources */ = {isa = PBXBuildFile; fileRef = B0DA37F226315E9E00B8B169 /* Camera 3.12.mp4 */; };
		B0DA381426315EB400B8B169 /* Camera 4.10.mp4 in Resources */ = {isa = PBXBuildFile; fileRef = B0DA380726315EB400B8B169 /* Camera 4.10.mp4 */; };
		B0DA381526315EB400B8B169 /* Camera 4.11.mp4 in Resources */ = {isa = PBXBuildFile; fileRef = B0DA380826315EB400B8B169 /* Camera 4.11.mp4 */; };
		B0DA381626315EB400B8B169 /* Camera 4.13.mp4 in Resources */ = {isa = PBXBuildFile; fileRef = B0DA380926315EB400B8B169 /* Camera 4.13.mp4 */; };
		B0DA381726315EB400B8B169 /* Camera 4.12.mp4 in Resources */ = {isa = PBXBuildFile; fileRef = B0DA380A26315EB400B8B169 /* Camera 4.12.mp4 */; };
		B0DA381826315EB400B8B169 /* Camera 4.6.mp4 in Resources */ = {isa = PBXBuildFile; fileRef = B0DA380B26315EB400B8B169 /* Camera 4.6.mp4 */; };
		B0DA381926315EB400B8B169 /* Camera 4.7.mp4 in Resources */ = {isa = PBXBuildFile; fileRef = B0DA380C26315EB400B8B169 /* Camera 4.7.mp4 */; };
		B0DA381A26315EB400B8B169 /* Camera 4.5.mp4 in Resources */ = {isa = PBXBuildFile; fileRef = B0DA380D26315EB400B8B169 /* Camera 4.5.mp4 */; };
		B0DA381B26315EB400B8B169 /* Camera 4.4.mp4 in Resources */ = {isa = PBXBuildFile; fileRef = B0DA380E26315EB400B8B169 /* Camera 4.4.mp4 */; };
		B0DA381C26315EB400B8B169 /* Camera 4.1.mp4 in Resources */ = {isa = PBXBuildFile; fileRef = B0DA380F26315EB400B8B169 /* Camera 4.1.mp4 */; };
		B0DA381D26315EB400B8B169 /* Camera 4.3.mp4 in Resources */ = {isa = PBXBuildFile; fileRef = B0DA381026315EB400B8B169 /* Camera 4.3.mp4 */; };
		B0DA381E26315EB400B8B169 /* Camera 4.2.mp4 in Resources */ = {isa = PBXBuildFile; fileRef = B0DA381126315EB400B8B169 /* Camera 4.2.mp4 */; };
		B0DA381F26315EB400B8B169 /* Camera 4.9.mp4 in Resources */ = {isa = PBXBuildFile; fileRef = B0DA381226315EB400B8B169 /* Camera 4.9.mp4 */; };
		B0DA382026315EB400B8B169 /* Camera 4.8.mp4 in Resources */ = {isa = PBXBuildFile; fileRef = B0DA381326315EB400B8B169 /* Camera 4.8.mp4 */; };
		B0DA382326315EC800B8B169 /* Camera 5.mp4 in Resources */ = {isa = PBXBuildFile; fileRef = B0DA382226315EC700B8B169 /* Camera 5.mp4 */; };
		B0DA382926315EE400B8B169 /* Camera 6.mp4 in Resources */ = {isa = PBXBuildFile; fileRef = B0DA382826315EE400B8B169 /* Camera 6.mp4 */; };
		B0DA382C2631641B00B8B169 /* Camera 7.mp4 in Resources */ = {isa = PBXBuildFile; fileRef = B0DA382B2631641B00B8B169 /* Camera 7.mp4 */; };
		B0DA382E2631765200B8B169 /* WebViewVC.swift in Sources */ = {isa = PBXBuildFile; fileRef = B0DA382D2631765200B8B169 /* WebViewVC.swift */; };
		B0F5A596262FF037008F1FE4 /* AppDelegate.swift in Sources */ = {isa = PBXBuildFile; fileRef = B0F5A595262FF037008F1FE4 /* AppDelegate.swift */; };
		B0F5A598262FF037008F1FE4 /* SceneDelegate.swift in Sources */ = {isa = PBXBuildFile; fileRef = B0F5A597262FF037008F1FE4 /* SceneDelegate.swift */; };
		B0F5A59D262FF037008F1FE4 /* Main.storyboard in Resources */ = {isa = PBXBuildFile; fileRef = B0F5A59B262FF037008F1FE4 /* Main.storyboard */; };
		B0F5A59F262FF039008F1FE4 /* Assets.xcassets in Resources */ = {isa = PBXBuildFile; fileRef = B0F5A59E262FF039008F1FE4 /* Assets.xcassets */; };
		B0F5A5A2262FF039008F1FE4 /* LaunchScreen.storyboard in Resources */ = {isa = PBXBuildFile; fileRef = B0F5A5A0262FF039008F1FE4 /* LaunchScreen.storyboard */; };
		B0F5A5AD262FF039008F1FE4 /* MediaTeamTests.swift in Sources */ = {isa = PBXBuildFile; fileRef = B0F5A5AC262FF039008F1FE4 /* MediaTeamTests.swift */; };
		B0F5A5B8262FF039008F1FE4 /* MediaTeamUITests.swift in Sources */ = {isa = PBXBuildFile; fileRef = B0F5A5B7262FF039008F1FE4 /* MediaTeamUITests.swift */; };
		B0F5A5C9262FF247008F1FE4 /* HomeVC.swift in Sources */ = {isa = PBXBuildFile; fileRef = B0F5A5C8262FF247008F1FE4 /* HomeVC.swift */; };
		B0F5A5CC262FF82E008F1FE4 /* CustomCell.swift in Sources */ = {isa = PBXBuildFile; fileRef = B0F5A5CB262FF82E008F1FE4 /* CustomCell.swift */; };
		B0F5A5CE262FF9C3008F1FE4 /* VideoDetailsVC.swift in Sources */ = {isa = PBXBuildFile; fileRef = B0F5A5CD262FF9C3008F1FE4 /* VideoDetailsVC.swift */; };
		B0F5A5D1262FFAC4008F1FE4 /* StoryBoard.swift in Sources */ = {isa = PBXBuildFile; fileRef = B0F5A5D0262FFAC4008F1FE4 /* StoryBoard.swift */; };
		B0F5A5D3262FFACD008F1FE4 /* DesignAbleViews.swift in Sources */ = {isa = PBXBuildFile; fileRef = B0F5A5D2262FFACD008F1FE4 /* DesignAbleViews.swift */; };
		B0F5A5D726300F84008F1FE4 /* Cam 1 Speaker.mp4 in Resources */ = {isa = PBXBuildFile; fileRef = B0F5A5D526300F84008F1FE4 /* Cam 1 Speaker.mp4 */; };
		B0F5A5D826300F84008F1FE4 /* Cam 1 Worship.mp4 in Resources */ = {isa = PBXBuildFile; fileRef = B0F5A5D626300F84008F1FE4 /* Cam 1 Worship.mp4 */; };
		B0F5A5DB26303745008F1FE4 /* AllVideos.swift in Sources */ = {isa = PBXBuildFile; fileRef = B0F5A5DA26303745008F1FE4 /* AllVideos.swift */; };
/* End PBXBuildFile section */

/* Begin PBXContainerItemProxy section */
		B0F5A5A9262FF039008F1FE4 /* PBXContainerItemProxy */ = {
			isa = PBXContainerItemProxy;
			containerPortal = B0F5A58A262FF037008F1FE4 /* Project object */;
			proxyType = 1;
			remoteGlobalIDString = B0F5A591262FF037008F1FE4;
			remoteInfo = MediaTeam;
		};
		B0F5A5B4262FF039008F1FE4 /* PBXContainerItemProxy */ = {
			isa = PBXContainerItemProxy;
			containerPortal = B0F5A58A262FF037008F1FE4 /* Project object */;
			proxyType = 1;
			remoteGlobalIDString = B0F5A591262FF037008F1FE4;
			remoteInfo = MediaTeam;
		};
/* End PBXContainerItemProxy section */

/* Begin PBXFileReference section */
		B0DA37C526315E8B00B8B169 /* Cam 2 #8 Zoom Out Left.mp4 */ = {isa = PBXFileReference; lastKnownFileType = file; path = "Cam 2 #8 Zoom Out Left.mp4"; sourceTree = "<group>"; };
		B0DA37C626315E8B00B8B169 /* Cam 2 #6 Zoom Out.mp4 */ = {isa = PBXFileReference; lastKnownFileType = file; path = "Cam 2 #6 Zoom Out.mp4"; sourceTree = "<group>"; };
		B0DA37C726315E8B00B8B169 /* Cam 2 #4 Zoom In Down.mp4 */ = {isa = PBXFileReference; lastKnownFileType = file; path = "Cam 2 #4 Zoom In Down.mp4"; sourceTree = "<group>"; };
		B0DA37C826315E8B00B8B169 /* Cam 2 #10 Zoom Out Down.mp4 */ = {isa = PBXFileReference; lastKnownFileType = file; path = "Cam 2 #10 Zoom Out Down.mp4"; sourceTree = "<group>"; };
		B0DA37C926315E8B00B8B169 /* Cam 2 #11 Pan Left to Right.mp4 */ = {isa = PBXFileReference; lastKnownFileType = file; path = "Cam 2 #11 Pan Left to Right.mp4"; sourceTree = "<group>"; };
		B0DA37CA26315E8B00B8B169 /* Cam 2 #12 Pan Right to Left.mp4 */ = {isa = PBXFileReference; lastKnownFileType = file; path = "Cam 2 #12 Pan Right to Left.mp4"; sourceTree = "<group>"; };
		B0DA37CB26315E8B00B8B169 /* Cam 2 #1 Zoom In.mp4 */ = {isa = PBXFileReference; lastKnownFileType = file; path = "Cam 2 #1 Zoom In.mp4"; sourceTree = "<group>"; };
		B0DA37CC26315E8B00B8B169 /* Cam 2 #2 Zoom in Left.mp4 */ = {isa = PBXFileReference; lastKnownFileType = file; path = "Cam 2 #2 Zoom in Left.mp4"; sourceTree = "<group>"; };
		B0DA37CD26315E8B00B8B169 /* Cam 2 #7 Zoom Out Right.mp4 */ = {isa = PBXFileReference; lastKnownFileType = file; path = "Cam 2 #7 Zoom Out Right.mp4"; sourceTree = "<group>"; };
		B0DA37CE26315E8B00B8B169 /* Cam 2 #15 Standard Sermon Shot.mp4 */ = {isa = PBXFileReference; lastKnownFileType = file; path = "Cam 2 #15 Standard Sermon Shot.mp4"; sourceTree = "<group>"; };
		B0DA37CF26315E8B00B8B169 /* Cam 2 #13 Wide Tilt Down.mp4 */ = {isa = PBXFileReference; lastKnownFileType = file; path = "Cam 2 #13 Wide Tilt Down.mp4"; sourceTree = "<group>"; };
		B0DA37D026315E8B00B8B169 /* Cam 2 #3 Zoom In Right.mp4 */ = {isa = PBXFileReference; lastKnownFileType = file; path = "Cam 2 #3 Zoom In Right.mp4"; sourceTree = "<group>"; };
		B0DA37D126315E8B00B8B169 /* Cam 2 #14 After Video Sermon Push In.mp4 */ = {isa = PBXFileReference; lastKnownFileType = file; path = "Cam 2 #14 After Video Sermon Push In.mp4"; sourceTree = "<group>"; };
		B0DA37E026315E9E00B8B169 /* Camera 3.3.mp4 */ = {isa = PBXFileReference; lastKnownFileType = file; path = "Camera 3.3.mp4"; sourceTree = "<group>"; };
		B0DA37E126315E9E00B8B169 /* Camera 3.2.mp4 */ = {isa = PBXFileReference; lastKnownFileType = file; path = "Camera 3.2.mp4"; sourceTree = "<group>"; };
		B0DA37E226315E9E00B8B169 /* Camera 3.1.mp4 */ = {isa = PBXFileReference; lastKnownFileType = file; path = "Camera 3.1.mp4"; sourceTree = "<group>"; };
		B0DA37E326315E9E00B8B169 /* Camera 3.19.mp4 */ = {isa = PBXFileReference; lastKnownFileType = file; path = "Camera 3.19.mp4"; sourceTree = "<group>"; };
		B0DA37E426315E9E00B8B169 /* Camera 3.5.mp4 */ = {isa = PBXFileReference; lastKnownFileType = file; path = "Camera 3.5.mp4"; sourceTree = "<group>"; };
		B0DA37E526315E9E00B8B169 /* Camera 3.4.mp4 */ = {isa = PBXFileReference; lastKnownFileType = file; path = "Camera 3.4.mp4"; sourceTree = "<group>"; };
		B0DA37E626315E9E00B8B169 /* Camera 3.18.mp4 */ = {isa = PBXFileReference; lastKnownFileType = file; path = "Camera 3.18.mp4"; sourceTree = "<group>"; };
		B0DA37E726315E9E00B8B169 /* Camera 3.6.mp4 */ = {isa = PBXFileReference; lastKnownFileType = file; path = "Camera 3.6.mp4"; sourceTree = "<group>"; };
		B0DA37E826315E9E00B8B169 /* Camera 3.7.mp4 */ = {isa = PBXFileReference; lastKnownFileType = file; path = "Camera 3.7.mp4"; sourceTree = "<group>"; };
		B0DA37E926315E9E00B8B169 /* Camera 3.16.mp4 */ = {isa = PBXFileReference; lastKnownFileType = file; path = "Camera 3.16.mp4"; sourceTree = "<group>"; };
		B0DA37EA26315E9E00B8B169 /* Camera 3.17.mp4 */ = {isa = PBXFileReference; lastKnownFileType = file; path = "Camera 3.17.mp4"; sourceTree = "<group>"; };
		B0DA37EB26315E9E00B8B169 /* Camera 3.15.mp4 */ = {isa = PBXFileReference; lastKnownFileType = file; path = "Camera 3.15.mp4"; sourceTree = "<group>"; };
		B0DA37EC26315E9E00B8B169 /* Camera 3.9.mp4 */ = {isa = PBXFileReference; lastKnownFileType = file; path = "Camera 3.9.mp4"; sourceTree = "<group>"; };
		B0DA37ED26315E9E00B8B169 /* Camera 3.8.mp4 */ = {isa = PBXFileReference; lastKnownFileType = file; path = "Camera 3.8.mp4"; sourceTree = "<group>"; };
		B0DA37EE26315E9E00B8B169 /* Camera 3.14.mp4 */ = {isa = PBXFileReference; lastKnownFileType = file; path = "Camera 3.14.mp4"; sourceTree = "<group>"; };
		B0DA37EF26315E9E00B8B169 /* Camera 3.10.mp4 */ = {isa = PBXFileReference; lastKnownFileType = file; path = "Camera 3.10.mp4"; sourceTree = "<group>"; };
		B0DA37F026315E9E00B8B169 /* Camera 3.11.mp4 */ = {isa = PBXFileReference; lastKnownFileType = file; path = "Camera 3.11.mp4"; sourceTree = "<group>"; };
		B0DA37F126315E9E00B8B169 /* Camera 3.13.mp4 */ = {isa = PBXFileReference; lastKnownFileType = file; path = "Camera 3.13.mp4"; sourceTree = "<group>"; };
		B0DA37F226315E9E00B8B169 /* Camera 3.12.mp4 */ = {isa = PBXFileReference; lastKnownFileType = file; path = "Camera 3.12.mp4"; sourceTree = "<group>"; };
		B0DA380726315EB400B8B169 /* Camera 4.10.mp4 */ = {isa = PBXFileReference; lastKnownFileType = file; path = "Camera 4.10.mp4"; sourceTree = "<group>"; };
		B0DA380826315EB400B8B169 /* Camera 4.11.mp4 */ = {isa = PBXFileReference; lastKnownFileType = file; path = "Camera 4.11.mp4"; sourceTree = "<group>"; };
		B0DA380926315EB400B8B169 /* Camera 4.13.mp4 */ = {isa = PBXFileReference; lastKnownFileType = file; path = "Camera 4.13.mp4"; sourceTree = "<group>"; };
		B0DA380A26315EB400B8B169 /* Camera 4.12.mp4 */ = {isa = PBXFileReference; lastKnownFileType = file; path = "Camera 4.12.mp4"; sourceTree = "<group>"; };
		B0DA380B26315EB400B8B169 /* Camera 4.6.mp4 */ = {isa = PBXFileReference; lastKnownFileType = file; path = "Camera 4.6.mp4"; sourceTree = "<group>"; };
		B0DA380C26315EB400B8B169 /* Camera 4.7.mp4 */ = {isa = PBXFileReference; lastKnownFileType = file; path = "Camera 4.7.mp4"; sourceTree = "<group>"; };
		B0DA380D26315EB400B8B169 /* Camera 4.5.mp4 */ = {isa = PBXFileReference; lastKnownFileType = file; path = "Camera 4.5.mp4"; sourceTree = "<group>"; };
		B0DA380E26315EB400B8B169 /* Camera 4.4.mp4 */ = {isa = PBXFileReference; lastKnownFileType = file; path = "Camera 4.4.mp4"; sourceTree = "<group>"; };
		B0DA380F26315EB400B8B169 /* Camera 4.1.mp4 */ = {isa = PBXFileReference; lastKnownFileType = file; path = "Camera 4.1.mp4"; sourceTree = "<group>"; };
		B0DA381026315EB400B8B169 /* Camera 4.3.mp4 */ = {isa = PBXFileReference; lastKnownFileType = file; path = "Camera 4.3.mp4"; sourceTree = "<group>"; };
		B0DA381126315EB400B8B169 /* Camera 4.2.mp4 */ = {isa = PBXFileReference; lastKnownFileType = file; path = "Camera 4.2.mp4"; sourceTree = "<group>"; };
		B0DA381226315EB400B8B169 /* Camera 4.9.mp4 */ = {isa = PBXFileReference; lastKnownFileType = file; path = "Camera 4.9.mp4"; sourceTree = "<group>"; };
		B0DA381326315EB400B8B169 /* Camera 4.8.mp4 */ = {isa = PBXFileReference; lastKnownFileType = file; path = "Camera 4.8.mp4"; sourceTree = "<group>"; };
		B0DA382226315EC700B8B169 /* Camera 5.mp4 */ = {isa = PBXFileReference; lastKnownFileType = file; path = "Camera 5.mp4"; sourceTree = "<group>"; };
		B0DA382826315EE400B8B169 /* Camera 6.mp4 */ = {isa = PBXFileReference; lastKnownFileType = file; path = "Camera 6.mp4"; sourceTree = "<group>"; };
		B0DA382B2631641B00B8B169 /* Camera 7.mp4 */ = {isa = PBXFileReference; lastKnownFileType = file; path = "Camera 7.mp4"; sourceTree = "<group>"; };
		B0DA382D2631765200B8B169 /* WebViewVC.swift */ = {isa = PBXFileReference; lastKnownFileType = sourcecode.swift; path = WebViewVC.swift; sourceTree = "<group>"; };
		B0F5A592262FF037008F1FE4 /* MediaTeam.app */ = {isa = PBXFileReference; explicitFileType = wrapper.application; includeInIndex = 0; path = MediaTeam.app; sourceTree = BUILT_PRODUCTS_DIR; };
		B0F5A595262FF037008F1FE4 /* AppDelegate.swift */ = {isa = PBXFileReference; lastKnownFileType = sourcecode.swift; path = AppDelegate.swift; sourceTree = "<group>"; };
		B0F5A597262FF037008F1FE4 /* SceneDelegate.swift */ = {isa = PBXFileReference; lastKnownFileType = sourcecode.swift; path = SceneDelegate.swift; sourceTree = "<group>"; };
		B0F5A59C262FF037008F1FE4 /* Base */ = {isa = PBXFileReference; lastKnownFileType = file.storyboard; name = Base; path = Base.lproj/Main.storyboard; sourceTree = "<group>"; };
		B0F5A59E262FF039008F1FE4 /* Assets.xcassets */ = {isa = PBXFileReference; lastKnownFileType = folder.assetcatalog; path = Assets.xcassets; sourceTree = "<group>"; };
		B0F5A5A1262FF039008F1FE4 /* Base */ = {isa = PBXFileReference; lastKnownFileType = file.storyboard; name = Base; path = Base.lproj/LaunchScreen.storyboard; sourceTree = "<group>"; };
		B0F5A5A3262FF039008F1FE4 /* Info.plist */ = {isa = PBXFileReference; lastKnownFileType = text.plist.xml; path = Info.plist; sourceTree = "<group>"; };
		B0F5A5A8262FF039008F1FE4 /* MediaTeamTests.xctest */ = {isa = PBXFileReference; explicitFileType = wrapper.cfbundle; includeInIndex = 0; path = MediaTeamTests.xctest; sourceTree = BUILT_PRODUCTS_DIR; };
		B0F5A5AC262FF039008F1FE4 /* MediaTeamTests.swift */ = {isa = PBXFileReference; lastKnownFileType = sourcecode.swift; path = MediaTeamTests.swift; sourceTree = "<group>"; };
		B0F5A5AE262FF039008F1FE4 /* Info.plist */ = {isa = PBXFileReference; lastKnownFileType = text.plist.xml; path = Info.plist; sourceTree = "<group>"; };
		B0F5A5B3262FF039008F1FE4 /* MediaTeamUITests.xctest */ = {isa = PBXFileReference; explicitFileType = wrapper.cfbundle; includeInIndex = 0; path = MediaTeamUITests.xctest; sourceTree = BUILT_PRODUCTS_DIR; };
		B0F5A5B7262FF039008F1FE4 /* MediaTeamUITests.swift */ = {isa = PBXFileReference; lastKnownFileType = sourcecode.swift; path = MediaTeamUITests.swift; sourceTree = "<group>"; };
		B0F5A5B9262FF039008F1FE4 /* Info.plist */ = {isa = PBXFileReference; lastKnownFileType = text.plist.xml; path = Info.plist; sourceTree = "<group>"; };
		B0F5A5C8262FF247008F1FE4 /* HomeVC.swift */ = {isa = PBXFileReference; lastKnownFileType = sourcecode.swift; path = HomeVC.swift; sourceTree = "<group>"; };
		B0F5A5CB262FF82E008F1FE4 /* CustomCell.swift */ = {isa = PBXFileReference; lastKnownFileType = sourcecode.swift; path = CustomCell.swift; sourceTree = "<group>"; };
		B0F5A5CD262FF9C3008F1FE4 /* VideoDetailsVC.swift */ = {isa = PBXFileReference; lastKnownFileType = sourcecode.swift; path = VideoDetailsVC.swift; sourceTree = "<group>"; };
		B0F5A5D0262FFAC4008F1FE4 /* StoryBoard.swift */ = {isa = PBXFileReference; fileEncoding = 4; lastKnownFileType = sourcecode.swift; path = StoryBoard.swift; sourceTree = "<group>"; };
		B0F5A5D2262FFACD008F1FE4 /* DesignAbleViews.swift */ = {isa = PBXFileReference; fileEncoding = 4; lastKnownFileType = sourcecode.swift; path = DesignAbleViews.swift; sourceTree = "<group>"; };
		B0F5A5D526300F84008F1FE4 /* Cam 1 Speaker.mp4 */ = {isa = PBXFileReference; lastKnownFileType = file; path = "Cam 1 Speaker.mp4"; sourceTree = "<group>"; };
		B0F5A5D626300F84008F1FE4 /* Cam 1 Worship.mp4 */ = {isa = PBXFileReference; lastKnownFileType = file; path = "Cam 1 Worship.mp4"; sourceTree = "<group>"; };
		B0F5A5DA26303745008F1FE4 /* AllVideos.swift */ = {isa = PBXFileReference; lastKnownFileType = sourcecode.swift; path = AllVideos.swift; sourceTree = "<group>"; };
/* End PBXFileReference section */

/* Begin PBXFrameworksBuildPhase section */
		B0F5A58F262FF037008F1FE4 /* Frameworks */ = {
			isa = PBXFrameworksBuildPhase;
			buildActionMask = 2147483647;
			files = (
			);
			runOnlyForDeploymentPostprocessing = 0;
		};
		B0F5A5A5262FF039008F1FE4 /* Frameworks */ = {
			isa = PBXFrameworksBuildPhase;
			buildActionMask = 2147483647;
			files = (
			);
			runOnlyForDeploymentPostprocessing = 0;
		};
		B0F5A5B0262FF039008F1FE4 /* Frameworks */ = {
			isa = PBXFrameworksBuildPhase;
			buildActionMask = 2147483647;
			files = (
			);
			runOnlyForDeploymentPostprocessing = 0;
		};
/* End PBXFrameworksBuildPhase section */

/* Begin PBXGroup section */
		B0DA37C426315E8B00B8B169 /* Cam 2 */ = {
			isa = PBXGroup;
			children = (
				B0DA37C526315E8B00B8B169 /* Cam 2 #8 Zoom Out Left.mp4 */,
				B0DA37C626315E8B00B8B169 /* Cam 2 #6 Zoom Out.mp4 */,
				B0DA37C726315E8B00B8B169 /* Cam 2 #4 Zoom In Down.mp4 */,
				B0DA37C826315E8B00B8B169 /* Cam 2 #10 Zoom Out Down.mp4 */,
				B0DA37C926315E8B00B8B169 /* Cam 2 #11 Pan Left to Right.mp4 */,
				B0DA37CA26315E8B00B8B169 /* Cam 2 #12 Pan Right to Left.mp4 */,
				B0DA37CB26315E8B00B8B169 /* Cam 2 #1 Zoom In.mp4 */,
				B0DA37CC26315E8B00B8B169 /* Cam 2 #2 Zoom in Left.mp4 */,
				B0DA37CD26315E8B00B8B169 /* Cam 2 #7 Zoom Out Right.mp4 */,
				B0DA37CE26315E8B00B8B169 /* Cam 2 #15 Standard Sermon Shot.mp4 */,
				B0DA37CF26315E8B00B8B169 /* Cam 2 #13 Wide Tilt Down.mp4 */,
				B0DA37D026315E8B00B8B169 /* Cam 2 #3 Zoom In Right.mp4 */,
				B0DA37D126315E8B00B8B169 /* Cam 2 #14 After Video Sermon Push In.mp4 */,
			);
			path = "Cam 2";
			sourceTree = "<group>";
		};
		B0DA37DF26315E9E00B8B169 /* Cam 3 */ = {
			isa = PBXGroup;
			children = (
				B0DA37E026315E9E00B8B169 /* Camera 3.3.mp4 */,
				B0DA37E126315E9E00B8B169 /* Camera 3.2.mp4 */,
				B0DA37E226315E9E00B8B169 /* Camera 3.1.mp4 */,
				B0DA37E326315E9E00B8B169 /* Camera 3.19.mp4 */,
				B0DA37E426315E9E00B8B169 /* Camera 3.5.mp4 */,
				B0DA37E526315E9E00B8B169 /* Camera 3.4.mp4 */,
				B0DA37E626315E9E00B8B169 /* Camera 3.18.mp4 */,
				B0DA37E726315E9E00B8B169 /* Camera 3.6.mp4 */,
				B0DA37E826315E9E00B8B169 /* Camera 3.7.mp4 */,
				B0DA37E926315E9E00B8B169 /* Camera 3.16.mp4 */,
				B0DA37EA26315E9E00B8B169 /* Camera 3.17.mp4 */,
				B0DA37EB26315E9E00B8B169 /* Camera 3.15.mp4 */,
				B0DA37EC26315E9E00B8B169 /* Camera 3.9.mp4 */,
				B0DA37ED26315E9E00B8B169 /* Camera 3.8.mp4 */,
				B0DA37EE26315E9E00B8B169 /* Camera 3.14.mp4 */,
				B0DA37EF26315E9E00B8B169 /* Camera 3.10.mp4 */,
				B0DA37F026315E9E00B8B169 /* Camera 3.11.mp4 */,
				B0DA37F126315E9E00B8B169 /* Camera 3.13.mp4 */,
				B0DA37F226315E9E00B8B169 /* Camera 3.12.mp4 */,
			);
			path = "Cam 3";
			sourceTree = "<group>";
		};
		B0DA380626315EB400B8B169 /* Cam 4 */ = {
			isa = PBXGroup;
			children = (
				B0DA380726315EB400B8B169 /* Camera 4.10.mp4 */,
				B0DA380826315EB400B8B169 /* Camera 4.11.mp4 */,
				B0DA380926315EB400B8B169 /* Camera 4.13.mp4 */,
				B0DA380A26315EB400B8B169 /* Camera 4.12.mp4 */,
				B0DA380B26315EB400B8B169 /* Camera 4.6.mp4 */,
				B0DA380C26315EB400B8B169 /* Camera 4.7.mp4 */,
				B0DA380D26315EB400B8B169 /* Camera 4.5.mp4 */,
				B0DA380E26315EB400B8B169 /* Camera 4.4.mp4 */,
				B0DA380F26315EB400B8B169 /* Camera 4.1.mp4 */,
				B0DA381026315EB400B8B169 /* Camera 4.3.mp4 */,
				B0DA381126315EB400B8B169 /* Camera 4.2.mp4 */,
				B0DA381226315EB400B8B169 /* Camera 4.9.mp4 */,
				B0DA381326315EB400B8B169 /* Camera 4.8.mp4 */,
			);
			path = "Cam 4";
			sourceTree = "<group>";
		};
		B0DA382126315EC700B8B169 /* Cam 5 */ = {
			isa = PBXGroup;
			children = (
				B0DA382226315EC700B8B169 /* Camera 5.mp4 */,
			);
			path = "Cam 5";
			sourceTree = "<group>";
		};
		B0DA382726315EE300B8B169 /* Cam 6 */ = {
			isa = PBXGroup;
			children = (
				B0DA382826315EE400B8B169 /* Camera 6.mp4 */,
			);
			name = "Cam 6";
			path = "../../../../Downloads/FL Media Team App (1)/Cam 6";
			sourceTree = "<group>";
		};
		B0DA382A2631641B00B8B169 /* Cam 7 */ = {
			isa = PBXGroup;
			children = (
				B0DA382B2631641B00B8B169 /* Camera 7.mp4 */,
			);
			path = "Cam 7";
			sourceTree = "<group>";
		};
		B0F5A589262FF037008F1FE4 = {
			isa = PBXGroup;
			children = (
				B0F5A594262FF037008F1FE4 /* MediaTeam */,
				B0F5A5AB262FF039008F1FE4 /* MediaTeamTests */,
				B0F5A5B6262FF039008F1FE4 /* MediaTeamUITests */,
				B0F5A593262FF037008F1FE4 /* Products */,
			);
			sourceTree = "<group>";
		};
		B0F5A593262FF037008F1FE4 /* Products */ = {
			isa = PBXGroup;
			children = (
				B0F5A592262FF037008F1FE4 /* MediaTeam.app */,
				B0F5A5A8262FF039008F1FE4 /* MediaTeamTests.xctest */,
				B0F5A5B3262FF039008F1FE4 /* MediaTeamUITests.xctest */,
			);
			name = Products;
			sourceTree = "<group>";
		};
		B0F5A594262FF037008F1FE4 /* MediaTeam */ = {
			isa = PBXGroup;
			children = (
				B0F5A595262FF037008F1FE4 /* AppDelegate.swift */,
				B0F5A597262FF037008F1FE4 /* SceneDelegate.swift */,
				B0F5A5C5262FF0FA008F1FE4 /* Controllers */,
				B0F5A5CA262FF806008F1FE4 /* Cell */,
				B0F5A5CF262FFAB3008F1FE4 /* Extension */,
				B0F5A5D926300F8F008F1FE4 /* Videos */,
				B0F5A5C6262FF121008F1FE4 /* StoryBoard */,
				B0F5A5C7262FF141008F1FE4 /* Other */,
				B0F5A5A3262FF039008F1FE4 /* Info.plist */,
			);
			path = MediaTeam;
			sourceTree = "<group>";
		};
		B0F5A5AB262FF039008F1FE4 /* MediaTeamTests */ = {
			isa = PBXGroup;
			children = (
				B0F5A5AC262FF039008F1FE4 /* MediaTeamTests.swift */,
				B0F5A5AE262FF039008F1FE4 /* Info.plist */,
			);
			path = MediaTeamTests;
			sourceTree = "<group>";
		};
		B0F5A5B6262FF039008F1FE4 /* MediaTeamUITests */ = {
			isa = PBXGroup;
			children = (
				B0F5A5B7262FF039008F1FE4 /* MediaTeamUITests.swift */,
				B0F5A5B9262FF039008F1FE4 /* Info.plist */,
			);
			path = MediaTeamUITests;
			sourceTree = "<group>";
		};
		B0F5A5C5262FF0FA008F1FE4 /* Controllers */ = {
			isa = PBXGroup;
			children = (
				B0F5A5C8262FF247008F1FE4 /* HomeVC.swift */,
				B0F5A5CD262FF9C3008F1FE4 /* VideoDetailsVC.swift */,
				B0DA382D2631765200B8B169 /* WebViewVC.swift */,
			);
			path = Controllers;
			sourceTree = "<group>";
		};
		B0F5A5C6262FF121008F1FE4 /* StoryBoard */ = {
			isa = PBXGroup;
			children = (
				B0F5A59B262FF037008F1FE4 /* Main.storyboard */,
			);
			path = StoryBoard;
			sourceTree = "<group>";
		};
		B0F5A5C7262FF141008F1FE4 /* Other */ = {
			isa = PBXGroup;
			children = (
				B0F5A59E262FF039008F1FE4 /* Assets.xcassets */,
				B0F5A5A0262FF039008F1FE4 /* LaunchScreen.storyboard */,
			);
			path = Other;
			sourceTree = "<group>";
		};
		B0F5A5CA262FF806008F1FE4 /* Cell */ = {
			isa = PBXGroup;
			children = (
				B0F5A5CB262FF82E008F1FE4 /* CustomCell.swift */,
			);
			path = Cell;
			sourceTree = "<group>";
		};
		B0F5A5CF262FFAB3008F1FE4 /* Extension */ = {
			isa = PBXGroup;
			children = (
				B0F5A5D2262FFACD008F1FE4 /* DesignAbleViews.swift */,
				B0F5A5D0262FFAC4008F1FE4 /* StoryBoard.swift */,
				B0F5A5DA26303745008F1FE4 /* AllVideos.swift */,
			);
			path = Extension;
			sourceTree = "<group>";
		};
		B0F5A5D426300F84008F1FE4 /* Cam 1 */ = {
			isa = PBXGroup;
			children = (
				B0F5A5D526300F84008F1FE4 /* Cam 1 Speaker.mp4 */,
				B0F5A5D626300F84008F1FE4 /* Cam 1 Worship.mp4 */,
			);
			path = "Cam 1";
			sourceTree = "<group>";
		};
		B0F5A5D926300F8F008F1FE4 /* Videos */ = {
			isa = PBXGroup;
			children = (
				B0F5A5D426300F84008F1FE4 /* Cam 1 */,
				B0DA37C426315E8B00B8B169 /* Cam 2 */,
				B0DA37DF26315E9E00B8B169 /* Cam 3 */,
				B0DA380626315EB400B8B169 /* Cam 4 */,
				B0DA382126315EC700B8B169 /* Cam 5 */,
				B0DA382726315EE300B8B169 /* Cam 6 */,
				B0DA382A2631641B00B8B169 /* Cam 7 */,
			);
			path = Videos;
			sourceTree = "<group>";
		};
/* End PBXGroup section */

/* Begin PBXNativeTarget section */
		B0F5A591262FF037008F1FE4 /* MediaTeam */ = {
			isa = PBXNativeTarget;
			buildConfigurationList = B0F5A5BC262FF039008F1FE4 /* Build configuration list for PBXNativeTarget "MediaTeam" */;
			buildPhases = (
				B0F5A58E262FF037008F1FE4 /* Sources */,
				B0F5A58F262FF037008F1FE4 /* Frameworks */,
				B0F5A590262FF037008F1FE4 /* Resources */,
			);
			buildRules = (
			);
			dependencies = (
			);
			name = MediaTeam;
			productName = MediaTeam;
			productReference = B0F5A592262FF037008F1FE4 /* MediaTeam.app */;
			productType = "com.apple.product-type.application";
		};
		B0F5A5A7262FF039008F1FE4 /* MediaTeamTests */ = {
			isa = PBXNativeTarget;
			buildConfigurationList = B0F5A5BF262FF039008F1FE4 /* Build configuration list for PBXNativeTarget "MediaTeamTests" */;
			buildPhases = (
				B0F5A5A4262FF039008F1FE4 /* Sources */,
				B0F5A5A5262FF039008F1FE4 /* Frameworks */,
				B0F5A5A6262FF039008F1FE4 /* Resources */,
			);
			buildRules = (
			);
			dependencies = (
				B0F5A5AA262FF039008F1FE4 /* PBXTargetDependency */,
			);
			name = MediaTeamTests;
			productName = MediaTeamTests;
			productReference = B0F5A5A8262FF039008F1FE4 /* MediaTeamTests.xctest */;
			productType = "com.apple.product-type.bundle.unit-test";
		};
		B0F5A5B2262FF039008F1FE4 /* MediaTeamUITests */ = {
			isa = PBXNativeTarget;
			buildConfigurationList = B0F5A5C2262FF039008F1FE4 /* Build configuration list for PBXNativeTarget "MediaTeamUITests" */;
			buildPhases = (
				B0F5A5AF262FF039008F1FE4 /* Sources */,
				B0F5A5B0262FF039008F1FE4 /* Frameworks */,
				B0F5A5B1262FF039008F1FE4 /* Resources */,
			);
			buildRules = (
			);
			dependencies = (
				B0F5A5B5262FF039008F1FE4 /* PBXTargetDependency */,
			);
			name = MediaTeamUITests;
			productName = MediaTeamUITests;
			productReference = B0F5A5B3262FF039008F1FE4 /* MediaTeamUITests.xctest */;
			productType = "com.apple.product-type.bundle.ui-testing";
		};
/* End PBXNativeTarget section */

/* Begin PBXProject section */
		B0F5A58A262FF037008F1FE4 /* Project object */ = {
			isa = PBXProject;
			attributes = {
				LastSwiftUpdateCheck = 1160;
				LastUpgradeCheck = 1160;
				ORGANIZATIONNAME = "Abdur Rauf";
				TargetAttributes = {
					B0F5A591262FF037008F1FE4 = {
						CreatedOnToolsVersion = 11.6;
					};
					B0F5A5A7262FF039008F1FE4 = {
						CreatedOnToolsVersion = 11.6;
						TestTargetID = B0F5A591262FF037008F1FE4;
					};
					B0F5A5B2262FF039008F1FE4 = {
						CreatedOnToolsVersion = 11.6;
						TestTargetID = B0F5A591262FF037008F1FE4;
					};
				};
			};
			buildConfigurationList = B0F5A58D262FF037008F1FE4 /* Build configuration list for PBXProject "MediaTeam" */;
			compatibilityVersion = "Xcode 9.3";
			developmentRegion = en;
			hasScannedForEncodings = 0;
			knownRegions = (
				en,
				Base,
			);
			mainGroup = B0F5A589262FF037008F1FE4;
			productRefGroup = B0F5A593262FF037008F1FE4 /* Products */;
			projectDirPath = "";
			projectRoot = "";
			targets = (
				B0F5A591262FF037008F1FE4 /* MediaTeam */,
				B0F5A5A7262FF039008F1FE4 /* MediaTeamTests */,
				B0F5A5B2262FF039008F1FE4 /* MediaTeamUITests */,
			);
		};
/* End PBXProject section */

/* Begin PBXResourcesBuildPhase section */
		B0F5A590262FF037008F1FE4 /* Resources */ = {
			isa = PBXResourcesBuildPhase;
			buildActionMask = 2147483647;
			files = (
				B0DA381826315EB400B8B169 /* Camera 4.6.mp4 in Resources */,
				B0F5A5D826300F84008F1FE4 /* Cam 1 Worship.mp4 in Resources */,
				B0DA382326315EC800B8B169 /* Camera 5.mp4 in Resources */,
				B0DA381B26315EB400B8B169 /* Camera 4.4.mp4 in Resources */,
				B0DA37D626315E8B00B8B169 /* Cam 2 #11 Pan Left to Right.mp4 in Resources */,
				B0DA381526315EB400B8B169 /* Camera 4.11.mp4 in Resources */,
				B0DA380326315E9E00B8B169 /* Camera 3.11.mp4 in Resources */,
				B0DA381A26315EB400B8B169 /* Camera 4.5.mp4 in Resources */,
				B0DA37D826315E8B00B8B169 /* Cam 2 #1 Zoom In.mp4 in Resources */,
				B0DA37DC26315E8B00B8B169 /* Cam 2 #13 Wide Tilt Down.mp4 in Resources */,
				B0DA380526315E9E00B8B169 /* Camera 3.12.mp4 in Resources */,
				B0DA381E26315EB400B8B169 /* Camera 4.2.mp4 in Resources */,
				B0DA37D726315E8B00B8B169 /* Cam 2 #12 Pan Right to Left.mp4 in Resources */,
				B0DA37F926315E9E00B8B169 /* Camera 3.18.mp4 in Resources */,
				B0DA37DA26315E8B00B8B169 /* Cam 2 #7 Zoom Out Right.mp4 in Resources */,
				B0DA37FA26315E9E00B8B169 /* Camera 3.6.mp4 in Resources */,
				B0DA37D226315E8B00B8B169 /* Cam 2 #8 Zoom Out Left.mp4 in Resources */,
				B0DA381D26315EB400B8B169 /* Camera 4.3.mp4 in Resources */,
				B0F5A5A2262FF039008F1FE4 /* LaunchScreen.storyboard in Resources */,
				B0DA381626315EB400B8B169 /* Camera 4.13.mp4 in Resources */,
				B0DA37F626315E9E00B8B169 /* Camera 3.19.mp4 in Resources */,
				B0DA380226315E9E00B8B169 /* Camera 3.10.mp4 in Resources */,
				B0DA37F726315E9E00B8B169 /* Camera 3.5.mp4 in Resources */,
				B0F5A5D726300F84008F1FE4 /* Cam 1 Speaker.mp4 in Resources */,
				B0DA37F826315E9E00B8B169 /* Camera 3.4.mp4 in Resources */,
				B0DA37DD26315E8B00B8B169 /* Cam 2 #3 Zoom In Right.mp4 in Resources */,
				B0DA380026315E9E00B8B169 /* Camera 3.8.mp4 in Resources */,
				B0DA37FC26315E9E00B8B169 /* Camera 3.16.mp4 in Resources */,
				B0DA381726315EB400B8B169 /* Camera 4.12.mp4 in Resources */,
				B0F5A59F262FF039008F1FE4 /* Assets.xcassets in Resources */,
				B0DA37F526315E9E00B8B169 /* Camera 3.1.mp4 in Resources */,
				B0DA380126315E9E00B8B169 /* Camera 3.14.mp4 in Resources */,
				B0DA382C2631641B00B8B169 /* Camera 7.mp4 in Resources */,
				B0DA37FB26315E9E00B8B169 /* Camera 3.7.mp4 in Resources */,
				B0DA382026315EB400B8B169 /* Camera 4.8.mp4 in Resources */,
				B0DA37D326315E8B00B8B169 /* Cam 2 #6 Zoom Out.mp4 in Resources */,
				B0DA381C26315EB400B8B169 /* Camera 4.1.mp4 in Resources */,
				B0DA37DE26315E8B00B8B169 /* Cam 2 #14 After Video Sermon Push In.mp4 in Resources */,
				B0DA37FD26315E9E00B8B169 /* Camera 3.17.mp4 in Resources */,
				B0DA37FF26315E9E00B8B169 /* Camera 3.9.mp4 in Resources */,
				B0DA382926315EE400B8B169 /* Camera 6.mp4 in Resources */,
				B0DA381F26315EB400B8B169 /* Camera 4.9.mp4 in Resources */,
				B0DA381926315EB400B8B169 /* Camera 4.7.mp4 in Resources */,
				B0DA37F326315E9E00B8B169 /* Camera 3.3.mp4 in Resources */,
				B0DA380426315E9E00B8B169 /* Camera 3.13.mp4 in Resources */,
				B0DA381426315EB400B8B169 /* Camera 4.10.mp4 in Resources */,
				B0DA37D426315E8B00B8B169 /* Cam 2 #4 Zoom In Down.mp4 in Resources */,
				B0F5A59D262FF037008F1FE4 /* Main.storyboard in Resources */,
				B0DA37D926315E8B00B8B169 /* Cam 2 #2 Zoom in Left.mp4 in Resources */,
				B0DA37F426315E9E00B8B169 /* Camera 3.2.mp4 in Resources */,
				B0DA37DB26315E8B00B8B169 /* Cam 2 #15 Standard Sermon Shot.mp4 in Resources */,
				B0DA37FE26315E9E00B8B169 /* Camera 3.15.mp4 in Resources */,
				B0DA37D526315E8B00B8B169 /* Cam 2 #10 Zoom Out Down.mp4 in Resources */,
			);
			runOnlyForDeploymentPostprocessing = 0;
		};
		B0F5A5A6262FF039008F1FE4 /* Resources */ = {
			isa = PBXResourcesBuildPhase;
			buildActionMask = 2147483647;
			files = (
			);
			runOnlyForDeploymentPostprocessing = 0;
		};
		B0F5A5B1262FF039008F1FE4 /* Resources */ = {
			isa = PBXResourcesBuildPhase;
			buildActionMask = 2147483647;
			files = (
			);
			runOnlyForDeploymentPostprocessing = 0;
		};
/* End PBXResourcesBuildPhase section */

/* Begin PBXSourcesBuildPhase section */
		B0F5A58E262FF037008F1FE4 /* Sources */ = {
			isa = PBXSourcesBuildPhase;
			buildActionMask = 2147483647;
			files = (
				B0F5A5C9262FF247008F1FE4 /* HomeVC.swift in Sources */,
				B0F5A5CE262FF9C3008F1FE4 /* VideoDetailsVC.swift in Sources */,
				B0DA382E2631765200B8B169 /* WebViewVC.swift in Sources */,
				B0F5A596262FF037008F1FE4 /* AppDelegate.swift in Sources */,
				B0F5A5CC262FF82E008F1FE4 /* CustomCell.swift in Sources */,
				B0F5A5D1262FFAC4008F1FE4 /* StoryBoard.swift in Sources */,
				B0F5A5DB26303745008F1FE4 /* AllVideos.swift in Sources */,
				B0F5A5D3262FFACD008F1FE4 /* DesignAbleViews.swift in Sources */,
				B0F5A598262FF037008F1FE4 /* SceneDelegate.swift in Sources */,
			);
			runOnlyForDeploymentPostprocessing = 0;
		};
		B0F5A5A4262FF039008F1FE4 /* Sources */ = {
			isa = PBXSourcesBuildPhase;
			buildActionMask = 2147483647;
			files = (
				B0F5A5AD262FF039008F1FE4 /* MediaTeamTests.swift in Sources */,
			);
			runOnlyForDeploymentPostprocessing = 0;
		};
		B0F5A5AF262FF039008F1FE4 /* Sources */ = {
			isa = PBXSourcesBuildPhase;
			buildActionMask = 2147483647;
			files = (
				B0F5A5B8262FF039008F1FE4 /* MediaTeamUITests.swift in Sources */,
			);
			runOnlyForDeploymentPostprocessing = 0;
		};
/* End PBXSourcesBuildPhase section */

/* Begin PBXTargetDependency section */
		B0F5A5AA262FF039008F1FE4 /* PBXTargetDependency */ = {
			isa = PBXTargetDependency;
			target = B0F5A591262FF037008F1FE4 /* MediaTeam */;
			targetProxy = B0F5A5A9262FF039008F1FE4 /* PBXContainerItemProxy */;
		};
		B0F5A5B5262FF039008F1FE4 /* PBXTargetDependency */ = {
			isa = PBXTargetDependency;
			target = B0F5A591262FF037008F1FE4 /* MediaTeam */;
			targetProxy = B0F5A5B4262FF039008F1FE4 /* PBXContainerItemProxy */;
		};
/* End PBXTargetDependency section */

/* Begin PBXVariantGroup section */
		B0F5A59B262FF037008F1FE4 /* Main.storyboard */ = {
			isa = PBXVariantGroup;
			children = (
				B0F5A59C262FF037008F1FE4 /* Base */,
			);
			name = Main.storyboard;
			sourceTree = "<group>";
		};
		B0F5A5A0262FF039008F1FE4 /* LaunchScreen.storyboard */ = {
			isa = PBXVariantGroup;
			children = (
				B0F5A5A1262FF039008F1FE4 /* Base */,
			);
			name = LaunchScreen.storyboard;
			sourceTree = "<group>";
		};
/* End PBXVariantGroup section */

/* Begin XCBuildConfiguration section */
		B0F5A5BA262FF039008F1FE4 /* Debug */ = {
			isa = XCBuildConfiguration;
			buildSettings = {
				ALWAYS_SEARCH_USER_PATHS = NO;
				CLANG_ANALYZER_NONNULL = YES;
				CLANG_ANALYZER_NUMBER_OBJECT_CONVERSION = YES_AGGRESSIVE;
				CLANG_CXX_LANGUAGE_STANDARD = "gnu++14";
				CLANG_CXX_LIBRARY = "libc++";
				CLANG_ENABLE_MODULES = YES;
				CLANG_ENABLE_OBJC_ARC = YES;
				CLANG_ENABLE_OBJC_WEAK = YES;
				CLANG_WARN_BLOCK_CAPTURE_AUTORELEASING = YES;
				CLANG_WARN_BOOL_CONVERSION = YES;
				CLANG_WARN_COMMA = YES;
				CLANG_WARN_CONSTANT_CONVERSION = YES;
				CLANG_WARN_DEPRECATED_OBJC_IMPLEMENTATIONS = YES;
				CLANG_WARN_DIRECT_OBJC_ISA_USAGE = YES_ERROR;
				CLANG_WARN_DOCUMENTATION_COMMENTS = YES;
				CLANG_WARN_EMPTY_BODY = YES;
				CLANG_WARN_ENUM_CONVERSION = YES;
				CLANG_WARN_INFINITE_RECURSION = YES;
				CLANG_WARN_INT_CONVERSION = YES;
				CLANG_WARN_NON_LITERAL_NULL_CONVERSION = YES;
				CLANG_WARN_OBJC_IMPLICIT_RETAIN_SELF = YES;
				CLANG_WARN_OBJC_LITERAL_CONVERSION = YES;
				CLANG_WARN_OBJC_ROOT_CLASS = YES_ERROR;
				CLANG_WARN_RANGE_LOOP_ANALYSIS = YES;
				CLANG_WARN_STRICT_PROTOTYPES = YES;
				CLANG_WARN_SUSPICIOUS_MOVE = YES;
				CLANG_WARN_UNGUARDED_AVAILABILITY = YES_AGGRESSIVE;
				CLANG_WARN_UNREACHABLE_CODE = YES;
				CLANG_WARN__DUPLICATE_METHOD_MATCH = YES;
				COPY_PHASE_STRIP = NO;
				DEBUG_INFORMATION_FORMAT = dwarf;
				ENABLE_STRICT_OBJC_MSGSEND = YES;
				ENABLE_TESTABILITY = YES;
				GCC_C_LANGUAGE_STANDARD = gnu11;
				GCC_DYNAMIC_NO_PIC = NO;
				GCC_NO_COMMON_BLOCKS = YES;
				GCC_OPTIMIZATION_LEVEL = 0;
				GCC_PREPROCESSOR_DEFINITIONS = (
					"DEBUG=1",
					"$(inherited)",
				);
				GCC_WARN_64_TO_32_BIT_CONVERSION = YES;
				GCC_WARN_ABOUT_RETURN_TYPE = YES_ERROR;
				GCC_WARN_UNDECLARED_SELECTOR = YES;
				GCC_WARN_UNINITIALIZED_AUTOS = YES_AGGRESSIVE;
				GCC_WARN_UNUSED_FUNCTION = YES;
				GCC_WARN_UNUSED_VARIABLE = YES;
				IPHONEOS_DEPLOYMENT_TARGET = 13.6;
				MTL_ENABLE_DEBUG_INFO = INCLUDE_SOURCE;
				MTL_FAST_MATH = YES;
				ONLY_ACTIVE_ARCH = YES;
				SDKROOT = iphoneos;
				SWIFT_ACTIVE_COMPILATION_CONDITIONS = DEBUG;
				SWIFT_OPTIMIZATION_LEVEL = "-Onone";
			};
			name = Debug;
		};
		B0F5A5BB262FF039008F1FE4 /* Release */ = {
			isa = XCBuildConfiguration;
			buildSettings = {
				ALWAYS_SEARCH_USER_PATHS = NO;
				CLANG_ANALYZER_NONNULL = YES;
				CLANG_ANALYZER_NUMBER_OBJECT_CONVERSION = YES_AGGRESSIVE;
				CLANG_CXX_LANGUAGE_STANDARD = "gnu++14";
				CLANG_CXX_LIBRARY = "libc++";
				CLANG_ENABLE_MODULES = YES;
				CLANG_ENABLE_OBJC_ARC = YES;
				CLANG_ENABLE_OBJC_WEAK = YES;
				CLANG_WARN_BLOCK_CAPTURE_AUTORELEASING = YES;
				CLANG_WARN_BOOL_CONVERSION = YES;
				CLANG_WARN_COMMA = YES;
				CLANG_WARN_CONSTANT_CONVERSION = YES;
				CLANG_WARN_DEPRECATED_OBJC_IMPLEMENTATIONS = YES;
				CLANG_WARN_DIRECT_OBJC_ISA_USAGE = YES_ERROR;
				CLANG_WARN_DOCUMENTATION_COMMENTS = YES;
				CLANG_WARN_EMPTY_BODY = YES;
				CLANG_WARN_ENUM_CONVERSION = YES;
				CLANG_WARN_INFINITE_RECURSION = YES;
				CLANG_WARN_INT_CONVERSION = YES;
				CLANG_WARN_NON_LITERAL_NULL_CONVERSION = YES;
				CLANG_WARN_OBJC_IMPLICIT_RETAIN_SELF = YES;
				CLANG_WARN_OBJC_LITERAL_CONVERSION = YES;
				CLANG_WARN_OBJC_ROOT_CLASS = YES_ERROR;
				CLANG_WARN_RANGE_LOOP_ANALYSIS = YES;
				CLANG_WARN_STRICT_PROTOTYPES = YES;
				CLANG_WARN_SUSPICIOUS_MOVE = YES;
				CLANG_WARN_UNGUARDED_AVAILABILITY = YES_AGGRESSIVE;
				CLANG_WARN_UNREACHABLE_CODE = YES;
				CLANG_WARN__DUPLICATE_METHOD_MATCH = YES;
				COPY_PHASE_STRIP = NO;
				DEBUG_INFORMATION_FORMAT = "dwarf-with-dsym";
				ENABLE_NS_ASSERTIONS = NO;
				ENABLE_STRICT_OBJC_MSGSEND = YES;
				GCC_C_LANGUAGE_STANDARD = gnu11;
				GCC_NO_COMMON_BLOCKS = YES;
				GCC_WARN_64_TO_32_BIT_CONVERSION = YES;
				GCC_WARN_ABOUT_RETURN_TYPE = YES_ERROR;
				GCC_WARN_UNDECLARED_SELECTOR = YES;
				GCC_WARN_UNINITIALIZED_AUTOS = YES_AGGRESSIVE;
				GCC_WARN_UNUSED_FUNCTION = YES;
				GCC_WARN_UNUSED_VARIABLE = YES;
				IPHONEOS_DEPLOYMENT_TARGET = 13.6;
				MTL_ENABLE_DEBUG_INFO = NO;
				MTL_FAST_MATH = YES;
				SDKROOT = iphoneos;
				SWIFT_COMPILATION_MODE = wholemodule;
				SWIFT_OPTIMIZATION_LEVEL = "-O";
				VALIDATE_PRODUCT = YES;
			};
			name = Release;
		};
		B0F5A5BD262FF039008F1FE4 /* Debug */ = {
			isa = XCBuildConfiguration;
			buildSettings = {
				ASSETCATALOG_COMPILER_APPICON_NAME = AppIcon;
				CODE_SIGN_STYLE = Automatic;
				DEVELOPMENT_TEAM = A9KZ558C5G;
				INFOPLIST_FILE = MediaTeam/Info.plist;
				IPHONEOS_DEPLOYMENT_TARGET = 13.2;
				LD_RUNPATH_SEARCH_PATHS = (
					"$(inherited)",
					"@executable_path/Frameworks",
				);
				PRODUCT_BUNDLE_IDENTIFIER = com.media.team;
				PRODUCT_NAME = "$(TARGET_NAME)";
				SWIFT_VERSION = 5.0;
				TARGETED_DEVICE_FAMILY = 1;
			};
			name = Debug;
		};
		B0F5A5BE262FF039008F1FE4 /* Release */ = {
			isa = XCBuildConfiguration;
			buildSettings = {
				ASSETCATALOG_COMPILER_APPICON_NAME = AppIcon;
				CODE_SIGN_STYLE = Automatic;
				DEVELOPMENT_TEAM = A9KZ558C5G;
				INFOPLIST_FILE = MediaTeam/Info.plist;
				IPHONEOS_DEPLOYMENT_TARGET = 13.2;
				LD_RUNPATH_SEARCH_PATHS = (
					"$(inherited)",
					"@executable_path/Frameworks",
				);
				PRODUCT_BUNDLE_IDENTIFIER = com.media.team;
				PRODUCT_NAME = "$(TARGET_NAME)";
				SWIFT_VERSION = 5.0;
				TARGETED_DEVICE_FAMILY = 1;
			};
			name = Release;
		};
		B0F5A5C0262FF039008F1FE4 /* Debug */ = {
			isa = XCBuildConfiguration;
			buildSettings = {
				ALWAYS_EMBED_SWIFT_STANDARD_LIBRARIES = YES;
				BUNDLE_LOADER = "$(TEST_HOST)";
				CODE_SIGN_STYLE = Automatic;
				INFOPLIST_FILE = MediaTeamTests/Info.plist;
				IPHONEOS_DEPLOYMENT_TARGET = 13.6;
				LD_RUNPATH_SEARCH_PATHS = (
					"$(inherited)",
					"@executable_path/Frameworks",
					"@loader_path/Frameworks",
				);
				PRODUCT_BUNDLE_IDENTIFIER = com.driv.MediaTeamTests;
				PRODUCT_NAME = "$(TARGET_NAME)";
				SWIFT_VERSION = 5.0;
				TARGETED_DEVICE_FAMILY = "1,2";
				TEST_HOST = "$(BUILT_PRODUCTS_DIR)/MediaTeam.app/MediaTeam";
			};
			name = Debug;
		};
		B0F5A5C1262FF039008F1FE4 /* Release */ = {
			isa = XCBuildConfiguration;
			buildSettings = {
				ALWAYS_EMBED_SWIFT_STANDARD_LIBRARIES = YES;
				BUNDLE_LOADER = "$(TEST_HOST)";
				CODE_SIGN_STYLE = Automatic;
				INFOPLIST_FILE = MediaTeamTests/Info.plist;
				IPHONEOS_DEPLOYMENT_TARGET = 13.6;
				LD_RUNPATH_SEARCH_PATHS = (
					"$(inherited)",
					"@executable_path/Frameworks",
					"@loader_path/Frameworks",
				);
				PRODUCT_BUNDLE_IDENTIFIER = com.driv.MediaTeamTests;
				PRODUCT_NAME = "$(TARGET_NAME)";
				SWIFT_VERSION = 5.0;
				TARGETED_DEVICE_FAMILY = "1,2";
				TEST_HOST = "$(BUILT_PRODUCTS_DIR)/MediaTeam.app/MediaTeam";
			};
			name = Release;
		};
		B0F5A5C3262FF039008F1FE4 /* Debug */ = {
			isa = XCBuildConfiguration;
			buildSettings = {
				ALWAYS_EMBED_SWIFT_STANDARD_LIBRARIES = YES;
				CODE_SIGN_STYLE = Automatic;
				INFOPLIST_FILE = MediaTeamUITests/Info.plist;
				LD_RUNPATH_SEARCH_PATHS = (
					"$(inherited)",
					"@executable_path/Frameworks",
					"@loader_path/Frameworks",
				);
				PRODUCT_BUNDLE_IDENTIFIER = com.driv.MediaTeamUITests;
				PRODUCT_NAME = "$(TARGET_NAME)";
				SWIFT_VERSION = 5.0;
				TARGETED_DEVICE_FAMILY = "1,2";
				TEST_TARGET_NAME = MediaTeam;
			};
			name = Debug;
		};
		B0F5A5C4262FF039008F1FE4 /* Release */ = {
			isa = XCBuildConfiguration;
			buildSettings = {
				ALWAYS_EMBED_SWIFT_STANDARD_LIBRARIES = YES;
				CODE_SIGN_STYLE = Automatic;
				INFOPLIST_FILE = MediaTeamUITests/Info.plist;
				LD_RUNPATH_SEARCH_PATHS = (
					"$(inherited)",
					"@executable_path/Frameworks",
					"@loader_path/Frameworks",
				);
				PRODUCT_BUNDLE_IDENTIFIER = com.driv.MediaTeamUITests;
				PRODUCT_NAME = "$(TARGET_NAME)";
				SWIFT_VERSION = 5.0;
				TARGETED_DEVICE_FAMILY = "1,2";
				TEST_TARGET_NAME = MediaTeam;
			};
			name = Release;
		};
/* End XCBuildConfiguration section */

/* Begin XCConfigurationList section */
		B0F5A58D262FF037008F1FE4 /* Build configuration list for PBXProject "MediaTeam" */ = {
			isa = XCConfigurationList;
			buildConfigurations = (
				B0F5A5BA262FF039008F1FE4 /* Debug */,
				B0F5A5BB262FF039008F1FE4 /* Release */,
			);
			defaultConfigurationIsVisible = 0;
			defaultConfigurationName = Release;
		};
		B0F5A5BC262FF039008F1FE4 /* Build configuration list for PBXNativeTarget "MediaTeam" */ = {
			isa = XCConfigurationList;
			buildConfigurations = (
				B0F5A5BD262FF039008F1FE4 /* Debug */,
				B0F5A5BE262FF039008F1FE4 /* Release */,
			);
			defaultConfigurationIsVisible = 0;
			defaultConfigurationName = Release;
		};
		B0F5A5BF262FF039008F1FE4 /* Build configuration list for PBXNativeTarget "MediaTeamTests" */ = {
			isa = XCConfigurationList;
			buildConfigurations = (
				B0F5A5C0262FF039008F1FE4 /* Debug */,
				B0F5A5C1262FF039008F1FE4 /* Release */,
			);
			defaultConfigurationIsVisible = 0;
			defaultConfigurationName = Release;
		};
		B0F5A5C2262FF039008F1FE4 /* Build configuration list for PBXNativeTarget "MediaTeamUITests" */ = {
			isa = XCConfigurationList;
			buildConfigurations = (
				B0F5A5C3262FF039008F1FE4 /* Debug */,
				B0F5A5C4262FF039008F1FE4 /* Release */,
			);
			defaultConfigurationIsVisible = 0;
			defaultConfigurationName = Release;
		};
/* End XCConfigurationList section */
	};
	rootObject = B0F5A58A262FF037008F1FE4 /* Project object */;
}
